
Microsoft Visual Studio Solution File, Format Version 12.00
# Visual Studio Version 17
VisualStudioVersion = 17.2.32616.157
MinimumVisualStudioVersion = 10.0.40219.1
Project("{FAE04EC0-301F-11D3-BF4B-00C04F79EFBC}") = "CS_DataTypes", "CS_DataTypes\CS_DataTypes.csproj", "{BCDBEC5D-3A47-413A-92E8-783658CAAF69}"
EndProject
Project("{FAE04EC0-301F-11D3-BF4B-00C04F79EFBC}") = "As_Maths", "As_Maths\As_Maths.csproj", "{FB18B426-DE99-4075-94C3-824424AAB526}"
EndProject
Global
	GlobalSection(SolutionConfigurationPlatforms) = preSolution
		Debug|Any CPU = Debug|Any CPU
		Release|Any CPU = Release|Any CPU
	EndGlobalSection
	GlobalSection(ProjectConfigurationPlatforms) = postSolution
		{BCDBEC5D-3A47-413A-92E8-783658CAAF69}.Debug|Any CPU.ActiveCfg = Debug|Any CPU
		{BCDBEC5D-3A47-413A-92E8-783658CAAF69}.Debug|Any CPU.Build.0 = Debug|Any CPU
		{BCDBEC5D-3A47-413A-92E8-783658CAAF69}.Release|Any CPU.ActiveCfg = Release|Any CPU
		{BCDBEC5D-3A47-413A-92E8-783658CAAF69}.Release|Any CPU.Build.0 = Release|Any CPU
		{FB18B426-DE99-4075-94C3-824424AAB526}.Debug|Any CPU.ActiveCfg = Debug|Any CPU
		{FB18B426-DE99-4075-94C3-824424AAB526}.Debug|Any CPU.Build.0 = Debug|Any CPU
		{FB18B426-DE99-4075-94C3-824424AAB526}.Release|Any CPU.ActiveCfg = Release|Any CPU
		{FB18B426-DE99-4075-94C3-824424AAB526}.Release|Any CPU.Build.0 = Release|Any CPU
	EndGlobalSection
	GlobalSection(SolutionProperties) = preSolution
		HideSolutionNode = FALSE
	EndGlobalSection
	GlobalSection(ExtensibilityGlobals) = postSolution
		SolutionGuid = {D6BEA871-7699-4FDB-816F-544C031C567B}
	EndGlobalSection
EndGlobal
